
Microsoft Visual Studio Solution File, Format Version 12.00
# Visual Studio Version 16
VisualStudioVersion = 16.0.32106.194
MinimumVisualStudioVersion = 10.0.40219.1
Project("{FAE04EC0-301F-11D3-BF4B-00C04F79EFBC}") = "SpecflowRestSharp", "SpecflowRestSharp\SpecflowRestSharp.csproj", "{3A08E56C-EA8E-4391-865A-B434436ADB14}"
EndProject
Global
	GlobalSection(SolutionConfigurationPlatforms) = preSolution
		Debug|Any CPU = Debug|Any CPU
		Release|Any CPU = Release|Any CPU
	EndGlobalSection
	GlobalSection(ProjectConfigurationPlatforms) = postSolution
		{3A08E56C-EA8E-4391-865A-B434436ADB14}.Debug|Any CPU.ActiveCfg = Debug|Any CPU
		{3A08E56C-EA8E-4391-865A-B434436ADB14}.Debug|Any CPU.Build.0 = Debug|Any CPU
		{3A08E56C-EA8E-4391-865A-B434436ADB14}.Release|Any CPU.ActiveCfg = Release|Any CPU
		{3A08E56C-EA8E-4391-865A-B434436ADB14}.Release|Any CPU.Build.0 = Release|Any CPU
	EndGlobalSection
	GlobalSection(SolutionProperties) = preSolution
		HideSolutionNode = FALSE
	EndGlobalSection
	GlobalSection(ExtensibilityGlobals) = postSolution
		SolutionGuid = {6B8635C1-6AA0-40C1-A1C6-958E140F02D0}
	EndGlobalSection
EndGlobal
